
Microsoft Visual Studio Solution File, Format Version 12.00
# Visual Studio 2013
VisualStudioVersion = 12.0.30501.0
MinimumVisualStudioVersion = 10.0.40219.1
Project("{FAE04EC0-301F-11D3-BF4B-00C04F79EFBC}") = "CardGames", "CardGames\CardGames.csproj", "{F5A49322-7D0D-47AE-B9AC-727F9971FB8F}"
EndProject
Project("{FAE04EC0-301F-11D3-BF4B-00C04F79EFBC}") = "TestingApp", "TestingApp\TestingApp.csproj", "{3355D90D-9452-484D-920B-050262AE79D2}"
EndProject
Project("{FAE04EC0-301F-11D3-BF4B-00C04F79EFBC}") = "MagicTheGathering", "MagicTheGathering\MagicTheGathering.csproj", "{C54E477E-B8E7-4BEA-A627-00DA4F6B2732}"
EndProject
Project("{FAE04EC0-301F-11D3-BF4B-00C04F79EFBC}") = "MagicTheGathering.Tests", "MagicTheGathering.Tests\MagicTheGathering.Tests.csproj", "{20DC7CEF-35AF-4791-8701-222FDF7157FE}"
EndProject
Project("{FAE04EC0-301F-11D3-BF4B-00C04F79EFBC}") = "CardfightVanguard", "CardfightVanguard\CardfightVanguard.csproj", "{00264DC6-873F-4FAA-93E2-C81700AAE115}"
EndProject
Project("{FAE04EC0-301F-11D3-BF4B-00C04F79EFBC}") = "CardfightVanguard.Tests", "CardfightVanguard.Tests\CardfightVanguard.Tests.csproj", "{EBB6CB1F-DB5F-49E9-96C6-25D5D6C00CE5}"
EndProject
Global
	GlobalSection(SolutionConfigurationPlatforms) = preSolution
		Debug|Any CPU = Debug|Any CPU
		Release|Any CPU = Release|Any CPU
	EndGlobalSection
	GlobalSection(ProjectConfigurationPlatforms) = postSolution
		{F5A49322-7D0D-47AE-B9AC-727F9971FB8F}.Debug|Any CPU.ActiveCfg = Debug|Any CPU
		{F5A49322-7D0D-47AE-B9AC-727F9971FB8F}.Debug|Any CPU.Build.0 = Debug|Any CPU
		{F5A49322-7D0D-47AE-B9AC-727F9971FB8F}.Release|Any CPU.ActiveCfg = Release|Any CPU
		{F5A49322-7D0D-47AE-B9AC-727F9971FB8F}.Release|Any CPU.Build.0 = Release|Any CPU
		{3355D90D-9452-484D-920B-050262AE79D2}.Debug|Any CPU.ActiveCfg = Debug|Any CPU
		{3355D90D-9452-484D-920B-050262AE79D2}.Debug|Any CPU.Build.0 = Debug|Any CPU
		{3355D90D-9452-484D-920B-050262AE79D2}.Release|Any CPU.ActiveCfg = Release|Any CPU
		{3355D90D-9452-484D-920B-050262AE79D2}.Release|Any CPU.Build.0 = Release|Any CPU
		{C54E477E-B8E7-4BEA-A627-00DA4F6B2732}.Debug|Any CPU.ActiveCfg = Debug|Any CPU
		{C54E477E-B8E7-4BEA-A627-00DA4F6B2732}.Debug|Any CPU.Build.0 = Debug|Any CPU
		{C54E477E-B8E7-4BEA-A627-00DA4F6B2732}.Release|Any CPU.ActiveCfg = Release|Any CPU
		{C54E477E-B8E7-4BEA-A627-00DA4F6B2732}.Release|Any CPU.Build.0 = Release|Any CPU
		{20DC7CEF-35AF-4791-8701-222FDF7157FE}.Debug|Any CPU.ActiveCfg = Debug|Any CPU
		{20DC7CEF-35AF-4791-8701-222FDF7157FE}.Debug|Any CPU.Build.0 = Debug|Any CPU
		{20DC7CEF-35AF-4791-8701-222FDF7157FE}.Release|Any CPU.ActiveCfg = Release|Any CPU
		{20DC7CEF-35AF-4791-8701-222FDF7157FE}.Release|Any CPU.Build.0 = Release|Any CPU
		{00264DC6-873F-4FAA-93E2-C81700AAE115}.Debug|Any CPU.ActiveCfg = Debug|Any CPU
		{00264DC6-873F-4FAA-93E2-C81700AAE115}.Debug|Any CPU.Build.0 = Debug|Any CPU
		{00264DC6-873F-4FAA-93E2-C81700AAE115}.Release|Any CPU.ActiveCfg = Release|Any CPU
		{00264DC6-873F-4FAA-93E2-C81700AAE115}.Release|Any CPU.Build.0 = Release|Any CPU
		{EBB6CB1F-DB5F-49E9-96C6-25D5D6C00CE5}.Debug|Any CPU.ActiveCfg = Debug|Any CPU
		{EBB6CB1F-DB5F-49E9-96C6-25D5D6C00CE5}.Debug|Any CPU.Build.0 = Debug|Any CPU
		{EBB6CB1F-DB5F-49E9-96C6-25D5D6C00CE5}.Release|Any CPU.ActiveCfg = Release|Any CPU
		{EBB6CB1F-DB5F-49E9-96C6-25D5D6C00CE5}.Release|Any CPU.Build.0 = Release|Any CPU
	EndGlobalSection
	GlobalSection(SolutionProperties) = preSolution
		HideSolutionNode = FALSE
	EndGlobalSection
EndGlobal
